// !$*UTF8*$!
{
	archiveVersion = 1;
	classes = {
	};
	objectVersion = 56;
	objects = {

/* Begin PBXBuildFile section */
		2677B1E42B4D5E9B00F0E6C5 /* Projet_MobileApp.swift in Sources */ = {isa = PBXBuildFile; fileRef = 2677B1E32B4D5E9B00F0E6C5 /* Projet_MobileApp.swift */; };
		2677B1E82B4D5E9C00F0E6C5 /* Assets.xcassets in Resources */ = {isa = PBXBuildFile; fileRef = 2677B1E72B4D5E9C00F0E6C5 /* Assets.xcassets */; };
		2677B1EB2B4D5E9C00F0E6C5 /* Preview Assets.xcassets in Resources */ = {isa = PBXBuildFile; fileRef = 2677B1EA2B4D5E9C00F0E6C5 /* Preview Assets.xcassets */; };
		2677B1F52B4D5E9C00F0E6C5 /* Projet_MobileTests.swift in Sources */ = {isa = PBXBuildFile; fileRef = 2677B1F42B4D5E9C00F0E6C5 /* Projet_MobileTests.swift */; };
		2677B1FF2B4D5E9C00F0E6C5 /* Projet_MobileUITests.swift in Sources */ = {isa = PBXBuildFile; fileRef = 2677B1FE2B4D5E9C00F0E6C5 /* Projet_MobileUITests.swift */; };
		2677B2012B4D5E9C00F0E6C5 /* Projet_MobileUITestsLaunchTests.swift in Sources */ = {isa = PBXBuildFile; fileRef = 2677B2002B4D5E9C00F0E6C5 /* Projet_MobileUITestsLaunchTests.swift */; };
		26D630552B4FF64000FC1A78 /* Alamofire in Frameworks */ = {isa = PBXBuildFile; productRef = 26D630542B4FF64000FC1A78 /* Alamofire */; };
		26D630592B514A1600FC1A78 /* OpenAiService.swift in Sources */ = {isa = PBXBuildFile; fileRef = 26D630582B514A1600FC1A78 /* OpenAiService.swift */; };
		26D6305B2B51520400FC1A78 /* Constants .swift in Sources */ = {isa = PBXBuildFile; fileRef = 26D6305A2B51520400FC1A78 /* Constants .swift */; };
		64C2295D2B5FFE9100F9459B /* OpenAIManager.swift in Sources */ = {isa = PBXBuildFile; fileRef = 64C2295C2B5FFE9100F9459B /* OpenAIManager.swift */; };
		64E373A02B61777C00965163 /* PageUser.swift in Sources */ = {isa = PBXBuildFile; fileRef = 64E3739F2B61777C00965163 /* PageUser.swift */; };
		FA2A6DDD2B567BF20059FE1F /* video copie.mp4 in Resources */ = {isa = PBXBuildFile; fileRef = FA2A6DDC2B567BF20059FE1F /* video copie.mp4 */; };
		FA2A6DDE2B567BF20059FE1F /* video copie.mp4 in Resources */ = {isa = PBXBuildFile; fileRef = FA2A6DDC2B567BF20059FE1F /* video copie.mp4 */; };
		FA2A6DDF2B567BF20059FE1F /* video copie.mp4 in Resources */ = {isa = PBXBuildFile; fileRef = FA2A6DDC2B567BF20059FE1F /* video copie.mp4 */; };
		FA2A6DE52B567F790059FE1F /* oiseau.gif in Resources */ = {isa = PBXBuildFile; fileRef = FA2A6DE42B567F790059FE1F /* oiseau.gif */; };
		FA2A6DE62B567F790059FE1F /* oiseau.gif in Resources */ = {isa = PBXBuildFile; fileRef = FA2A6DE42B567F790059FE1F /* oiseau.gif */; };
		FA2A6DE72B567F790059FE1F /* oiseau.gif in Resources */ = {isa = PBXBuildFile; fileRef = FA2A6DE42B567F790059FE1F /* oiseau.gif */; };
		FA2A6DF52B5685080059FE1F /* SwiftGif-master in Resources */ = {isa = PBXBuildFile; fileRef = FA2A6DF42B5685080059FE1F /* SwiftGif-master */; };
		FA2A6DF62B5685080059FE1F /* SwiftGif-master in Resources */ = {isa = PBXBuildFile; fileRef = FA2A6DF42B5685080059FE1F /* SwiftGif-master */; };
		FA2A6DF72B5685080059FE1F /* SwiftGif-master in Resources */ = {isa = PBXBuildFile; fileRef = FA2A6DF42B5685080059FE1F /* SwiftGif-master */; };
		FA9F96A72B553FB90046BB8F /* HomePage.swift in Sources */ = {isa = PBXBuildFile; fileRef = FA9F96A62B553FB90046BB8F /* HomePage.swift */; };
		FA9F96A92B553FD80046BB8F /* CategorieView.swift in Sources */ = {isa = PBXBuildFile; fileRef = FA9F96A82B553FD80046BB8F /* CategorieView.swift */; };
		FA9F96AB2B553FFA0046BB8F /* WaitingScreen.swift in Sources */ = {isa = PBXBuildFile; fileRef = FA9F96AA2B553FFA0046BB8F /* WaitingScreen.swift */; };
		FA9F96AD2B55400C0046BB8F /* StoryScreen.swift in Sources */ = {isa = PBXBuildFile; fileRef = FA9F96AC2B55400C0046BB8F /* StoryScreen.swift */; };
		FAF10AC22B56CA9800BCF153 /* sound.mp3 in Resources */ = {isa = PBXBuildFile; fileRef = FAF10AC12B56CA9800BCF153 /* sound.mp3 */; };
		FAF10AC42B56CCE000BCF153 /* HorrorSound.mp3 in Resources */ = {isa = PBXBuildFile; fileRef = FAF10AC32B56CCE000BCF153 /* HorrorSound.mp3 */; };
		FAF10AC52B56CCE000BCF153 /* HorrorSound.mp3 in Resources */ = {isa = PBXBuildFile; fileRef = FAF10AC32B56CCE000BCF153 /* HorrorSound.mp3 */; };
		FAF10AC62B56CCE000BCF153 /* HorrorSound.mp3 in Resources */ = {isa = PBXBuildFile; fileRef = FAF10AC32B56CCE000BCF153 /* HorrorSound.mp3 */; };
		FAF10AC82B56D13500BCF153 /* horrorbird.gif in Resources */ = {isa = PBXBuildFile; fileRef = FAF10AC72B56D13500BCF153 /* horrorbird.gif */; };
		FAF10AC92B56D13500BCF153 /* horrorbird.gif in Resources */ = {isa = PBXBuildFile; fileRef = FAF10AC72B56D13500BCF153 /* horrorbird.gif */; };
		FAF10ACA2B56D13500BCF153 /* horrorbird.gif in Resources */ = {isa = PBXBuildFile; fileRef = FAF10AC72B56D13500BCF153 /* horrorbird.gif */; };
/* End PBXBuildFile section */

/* Begin PBXContainerItemProxy section */
		2677B1F12B4D5E9C00F0E6C5 /* PBXContainerItemProxy */ = {
			isa = PBXContainerItemProxy;
			containerPortal = 2677B1D82B4D5E9B00F0E6C5 /* Project object */;
			proxyType = 1;
			remoteGlobalIDString = 2677B1DF2B4D5E9B00F0E6C5;
			remoteInfo = "Projet Mobile";
		};
		2677B1FB2B4D5E9C00F0E6C5 /* PBXContainerItemProxy */ = {
			isa = PBXContainerItemProxy;
			containerPortal = 2677B1D82B4D5E9B00F0E6C5 /* Project object */;
			proxyType = 1;
			remoteGlobalIDString = 2677B1DF2B4D5E9B00F0E6C5;
			remoteInfo = "Projet Mobile";
		};
/* End PBXContainerItemProxy section */

/* Begin PBXFileReference section */
		2677B1E02B4D5E9B00F0E6C5 /* Projet Mobile.app */ = {isa = PBXFileReference; explicitFileType = wrapper.application; includeInIndex = 0; path = "Projet Mobile.app"; sourceTree = BUILT_PRODUCTS_DIR; };
		2677B1E32B4D5E9B00F0E6C5 /* Projet_MobileApp.swift */ = {isa = PBXFileReference; lastKnownFileType = sourcecode.swift; path = Projet_MobileApp.swift; sourceTree = "<group>"; };
		2677B1E72B4D5E9C00F0E6C5 /* Assets.xcassets */ = {isa = PBXFileReference; lastKnownFileType = folder.assetcatalog; path = Assets.xcassets; sourceTree = "<group>"; };
		2677B1EA2B4D5E9C00F0E6C5 /* Preview Assets.xcassets */ = {isa = PBXFileReference; lastKnownFileType = folder.assetcatalog; path = "Preview Assets.xcassets"; sourceTree = "<group>"; };
		2677B1F02B4D5E9C00F0E6C5 /* Projet MobileTests.xctest */ = {isa = PBXFileReference; explicitFileType = wrapper.cfbundle; includeInIndex = 0; path = "Projet MobileTests.xctest"; sourceTree = BUILT_PRODUCTS_DIR; };
		2677B1F42B4D5E9C00F0E6C5 /* Projet_MobileTests.swift */ = {isa = PBXFileReference; lastKnownFileType = sourcecode.swift; path = Projet_MobileTests.swift; sourceTree = "<group>"; };
		2677B1FA2B4D5E9C00F0E6C5 /* Projet MobileUITests.xctest */ = {isa = PBXFileReference; explicitFileType = wrapper.cfbundle; includeInIndex = 0; path = "Projet MobileUITests.xctest"; sourceTree = BUILT_PRODUCTS_DIR; };
		2677B1FE2B4D5E9C00F0E6C5 /* Projet_MobileUITests.swift */ = {isa = PBXFileReference; lastKnownFileType = sourcecode.swift; path = Projet_MobileUITests.swift; sourceTree = "<group>"; };
		2677B2002B4D5E9C00F0E6C5 /* Projet_MobileUITestsLaunchTests.swift */ = {isa = PBXFileReference; lastKnownFileType = sourcecode.swift; path = Projet_MobileUITestsLaunchTests.swift; sourceTree = "<group>"; };
		2677B20F2B4EE55800F0E6C5 /* Projet-Mobile-Info.plist */ = {isa = PBXFileReference; lastKnownFileType = text.plist; path = "Projet-Mobile-Info.plist"; sourceTree = SOURCE_ROOT; };
		26D630582B514A1600FC1A78 /* OpenAiService.swift */ = {isa = PBXFileReference; lastKnownFileType = sourcecode.swift; path = OpenAiService.swift; sourceTree = "<group>"; };
		26D6305A2B51520400FC1A78 /* Constants .swift */ = {isa = PBXFileReference; lastKnownFileType = sourcecode.swift; path = "Constants .swift"; sourceTree = "<group>"; };
		64C2295C2B5FFE9100F9459B /* OpenAIManager.swift */ = {isa = PBXFileReference; lastKnownFileType = sourcecode.swift; path = OpenAIManager.swift; sourceTree = "<group>"; };
		64E3739F2B61777C00965163 /* PageUser.swift */ = {isa = PBXFileReference; lastKnownFileType = sourcecode.swift; path = PageUser.swift; sourceTree = "<group>"; };
		FA2A6DDC2B567BF20059FE1F /* video copie.mp4 */ = {isa = PBXFileReference; lastKnownFileType = file; path = "video copie.mp4"; sourceTree = "<group>"; };
		FA2A6DE42B567F790059FE1F /* oiseau.gif */ = {isa = PBXFileReference; lastKnownFileType = image.gif; path = oiseau.gif; sourceTree = "<group>"; };
		FA2A6DF42B5685080059FE1F /* SwiftGif-master */ = {isa = PBXFileReference; lastKnownFileType = folder; path = "SwiftGif-master"; sourceTree = "<group>"; };
		FA9F96A62B553FB90046BB8F /* HomePage.swift */ = {isa = PBXFileReference; lastKnownFileType = sourcecode.swift; path = HomePage.swift; sourceTree = "<group>"; };
		FA9F96A82B553FD80046BB8F /* CategorieView.swift */ = {isa = PBXFileReference; lastKnownFileType = sourcecode.swift; path = CategorieView.swift; sourceTree = "<group>"; };
		FA9F96AA2B553FFA0046BB8F /* WaitingScreen.swift */ = {isa = PBXFileReference; lastKnownFileType = sourcecode.swift; path = WaitingScreen.swift; sourceTree = "<group>"; };
		FA9F96AC2B55400C0046BB8F /* StoryScreen.swift */ = {isa = PBXFileReference; lastKnownFileType = sourcecode.swift; path = StoryScreen.swift; sourceTree = "<group>"; };
		FAF10AC12B56CA9800BCF153 /* sound.mp3 */ = {isa = PBXFileReference; lastKnownFileType = audio.mp3; path = sound.mp3; sourceTree = "<group>"; };
		FAF10AC32B56CCE000BCF153 /* HorrorSound.mp3 */ = {isa = PBXFileReference; lastKnownFileType = audio.mp3; path = HorrorSound.mp3; sourceTree = "<group>"; };
		FAF10AC72B56D13500BCF153 /* horrorbird.gif */ = {isa = PBXFileReference; lastKnownFileType = image.gif; path = horrorbird.gif; sourceTree = "<group>"; };
/* End PBXFileReference section */

/* Begin PBXFrameworksBuildPhase section */
		2677B1DD2B4D5E9B00F0E6C5 /* Frameworks */ = {
			isa = PBXFrameworksBuildPhase;
			buildActionMask = 2147483647;
			files = (
				26D630552B4FF64000FC1A78 /* Alamofire in Frameworks */,
			);
			runOnlyForDeploymentPostprocessing = 0;
		};
		2677B1ED2B4D5E9C00F0E6C5 /* Frameworks */ = {
			isa = PBXFrameworksBuildPhase;
			buildActionMask = 2147483647;
			files = (
			);
			runOnlyForDeploymentPostprocessing = 0;
		};
		2677B1F72B4D5E9C00F0E6C5 /* Frameworks */ = {
			isa = PBXFrameworksBuildPhase;
			buildActionMask = 2147483647;
			files = (
			);
			runOnlyForDeploymentPostprocessing = 0;
		};
/* End PBXFrameworksBuildPhase section */

/* Begin PBXGroup section */
		2677B1D72B4D5E9B00F0E6C5 = {
			isa = PBXGroup;
			children = (
				2677B1E22B4D5E9B00F0E6C5 /* Projet Mobile */,
				2677B1F32B4D5E9C00F0E6C5 /* Projet MobileTests */,
				2677B1FD2B4D5E9C00F0E6C5 /* Projet MobileUITests */,
				2677B1E12B4D5E9B00F0E6C5 /* Products */,
			);
			sourceTree = "<group>";
		};
		2677B1E12B4D5E9B00F0E6C5 /* Products */ = {
			isa = PBXGroup;
			children = (
				2677B1E02B4D5E9B00F0E6C5 /* Projet Mobile.app */,
				2677B1F02B4D5E9C00F0E6C5 /* Projet MobileTests.xctest */,
				2677B1FA2B4D5E9C00F0E6C5 /* Projet MobileUITests.xctest */,
			);
			name = Products;
			sourceTree = "<group>";
		};
		2677B1E22B4D5E9B00F0E6C5 /* Projet Mobile */ = {
			isa = PBXGroup;
			children = (
				2677B20F2B4EE55800F0E6C5 /* Projet-Mobile-Info.plist */,
				2677B1E32B4D5E9B00F0E6C5 /* Projet_MobileApp.swift */,
				FA9F96A62B553FB90046BB8F /* HomePage.swift */,
				FA9F96A82B553FD80046BB8F /* CategorieView.swift */,
				FAF10AC72B56D13500BCF153 /* horrorbird.gif */,
				FAF10AC12B56CA9800BCF153 /* sound.mp3 */,
				64E3739F2B61777C00965163 /* PageUser.swift */,
				FAF10AC32B56CCE000BCF153 /* HorrorSound.mp3 */,
				64C2295C2B5FFE9100F9459B /* OpenAIManager.swift */,
				FA9F96AA2B553FFA0046BB8F /* WaitingScreen.swift */,
				FA2A6DE42B567F790059FE1F /* oiseau.gif */,
				FA2A6DF42B5685080059FE1F /* SwiftGif-master */,
				FA2A6DDC2B567BF20059FE1F /* video copie.mp4 */,
				FA9F96AC2B55400C0046BB8F /* StoryScreen.swift */,
				26D630582B514A1600FC1A78 /* OpenAiService.swift */,
				26D6305A2B51520400FC1A78 /* Constants .swift */,
				2677B1E72B4D5E9C00F0E6C5 /* Assets.xcassets */,
				2677B1E92B4D5E9C00F0E6C5 /* Preview Content */,
			);
			path = "Projet Mobile";
			sourceTree = "<group>";
		};
		2677B1E92B4D5E9C00F0E6C5 /* Preview Content */ = {
			isa = PBXGroup;
			children = (
				2677B1EA2B4D5E9C00F0E6C5 /* Preview Assets.xcassets */,
			);
			path = "Preview Content";
			sourceTree = "<group>";
		};
		2677B1F32B4D5E9C00F0E6C5 /* Projet MobileTests */ = {
			isa = PBXGroup;
			children = (
				2677B1F42B4D5E9C00F0E6C5 /* Projet_MobileTests.swift */,
			);
			path = "Projet MobileTests";
			sourceTree = "<group>";
		};
		2677B1FD2B4D5E9C00F0E6C5 /* Projet MobileUITests */ = {
			isa = PBXGroup;
			children = (
				2677B1FE2B4D5E9C00F0E6C5 /* Projet_MobileUITests.swift */,
				2677B2002B4D5E9C00F0E6C5 /* Projet_MobileUITestsLaunchTests.swift */,
			);
			path = "Projet MobileUITests";
			sourceTree = "<group>";
		};
/* End PBXGroup section */

/* Begin PBXNativeTarget section */
		2677B1DF2B4D5E9B00F0E6C5 /* Projet Mobile */ = {
			isa = PBXNativeTarget;
			buildConfigurationList = 2677B2042B4D5E9C00F0E6C5 /* Build configuration list for PBXNativeTarget "Projet Mobile" */;
			buildPhases = (
				2677B1DC2B4D5E9B00F0E6C5 /* Sources */,
				2677B1DD2B4D5E9B00F0E6C5 /* Frameworks */,
				2677B1DE2B4D5E9B00F0E6C5 /* Resources */,
			);
			buildRules = (
			);
			dependencies = (
			);
			name = "Projet Mobile";
			packageProductDependencies = (
				26D630542B4FF64000FC1A78 /* Alamofire */,
			);
			productName = "Projet Mobile";
			productReference = 2677B1E02B4D5E9B00F0E6C5 /* Projet Mobile.app */;
			productType = "com.apple.product-type.application";
		};
		2677B1EF2B4D5E9C00F0E6C5 /* Projet MobileTests */ = {
			isa = PBXNativeTarget;
			buildConfigurationList = 2677B2072B4D5E9C00F0E6C5 /* Build configuration list for PBXNativeTarget "Projet MobileTests" */;
			buildPhases = (
				2677B1EC2B4D5E9C00F0E6C5 /* Sources */,
				2677B1ED2B4D5E9C00F0E6C5 /* Frameworks */,
				2677B1EE2B4D5E9C00F0E6C5 /* Resources */,
			);
			buildRules = (
			);
			dependencies = (
				2677B1F22B4D5E9C00F0E6C5 /* PBXTargetDependency */,
			);
			name = "Projet MobileTests";
			productName = "Projet MobileTests";
			productReference = 2677B1F02B4D5E9C00F0E6C5 /* Projet MobileTests.xctest */;
			productType = "com.apple.product-type.bundle.unit-test";
		};
		2677B1F92B4D5E9C00F0E6C5 /* Projet MobileUITests */ = {
			isa = PBXNativeTarget;
			buildConfigurationList = 2677B20A2B4D5E9C00F0E6C5 /* Build configuration list for PBXNativeTarget "Projet MobileUITests" */;
			buildPhases = (
				2677B1F62B4D5E9C00F0E6C5 /* Sources */,
				2677B1F72B4D5E9C00F0E6C5 /* Frameworks */,
				2677B1F82B4D5E9C00F0E6C5 /* Resources */,
			);
			buildRules = (
			);
			dependencies = (
				2677B1FC2B4D5E9C00F0E6C5 /* PBXTargetDependency */,
			);
			name = "Projet MobileUITests";
			productName = "Projet MobileUITests";
			productReference = 2677B1FA2B4D5E9C00F0E6C5 /* Projet MobileUITests.xctest */;
			productType = "com.apple.product-type.bundle.ui-testing";
		};
/* End PBXNativeTarget section */

/* Begin PBXProject section */
		2677B1D82B4D5E9B00F0E6C5 /* Project object */ = {
			isa = PBXProject;
			attributes = {
				BuildIndependentTargetsInParallel = 1;
				LastSwiftUpdateCheck = 1510;
				LastUpgradeCheck = 1510;
				TargetAttributes = {
					2677B1DF2B4D5E9B00F0E6C5 = {
						CreatedOnToolsVersion = 15.1;
					};
					2677B1EF2B4D5E9C00F0E6C5 = {
						CreatedOnToolsVersion = 15.1;
						TestTargetID = 2677B1DF2B4D5E9B00F0E6C5;
					};
					2677B1F92B4D5E9C00F0E6C5 = {
						CreatedOnToolsVersion = 15.1;
						TestTargetID = 2677B1DF2B4D5E9B00F0E6C5;
					};
				};
			};
			buildConfigurationList = 2677B1DB2B4D5E9B00F0E6C5 /* Build configuration list for PBXProject "Projet Mobile" */;
			compatibilityVersion = "Xcode 14.0";
			developmentRegion = en;
			hasScannedForEncodings = 0;
			knownRegions = (
				en,
				Base,
			);
			mainGroup = 2677B1D72B4D5E9B00F0E6C5;
			packageReferences = (
				26D630532B4FF64000FC1A78 /* XCRemoteSwiftPackageReference "Alamofire" */,
			);
			productRefGroup = 2677B1E12B4D5E9B00F0E6C5 /* Products */;
			projectDirPath = "";
			projectRoot = "";
			targets = (
				2677B1DF2B4D5E9B00F0E6C5 /* Projet Mobile */,
				2677B1EF2B4D5E9C00F0E6C5 /* Projet MobileTests */,
				2677B1F92B4D5E9C00F0E6C5 /* Projet MobileUITests */,
			);
		};
/* End PBXProject section */

/* Begin PBXResourcesBuildPhase section */
		2677B1DE2B4D5E9B00F0E6C5 /* Resources */ = {
			isa = PBXResourcesBuildPhase;
			buildActionMask = 2147483647;
			files = (
				FA2A6DE52B567F790059FE1F /* oiseau.gif in Resources */,
				FA2A6DDD2B567BF20059FE1F /* video copie.mp4 in Resources */,
				FAF10AC42B56CCE000BCF153 /* HorrorSound.mp3 in Resources */,
				FA2A6DF52B5685080059FE1F /* SwiftGif-master in Resources */,
				2677B1EB2B4D5E9C00F0E6C5 /* Preview Assets.xcassets in Resources */,
				FAF10AC22B56CA9800BCF153 /* sound.mp3 in Resources */,
				2677B1E82B4D5E9C00F0E6C5 /* Assets.xcassets in Resources */,
				FAF10AC82B56D13500BCF153 /* horrorbird.gif in Resources */,
			);
			runOnlyForDeploymentPostprocessing = 0;
		};
		2677B1EE2B4D5E9C00F0E6C5 /* Resources */ = {
			isa = PBXResourcesBuildPhase;
			buildActionMask = 2147483647;
			files = (
				FA2A6DE62B567F790059FE1F /* oiseau.gif in Resources */,
				FA2A6DF62B5685080059FE1F /* SwiftGif-master in Resources */,
				FAF10AC52B56CCE000BCF153 /* HorrorSound.mp3 in Resources */,
				FA2A6DDE2B567BF20059FE1F /* video copie.mp4 in Resources */,
				FAF10AC92B56D13500BCF153 /* horrorbird.gif in Resources */,
			);
			runOnlyForDeploymentPostprocessing = 0;
		};
		2677B1F82B4D5E9C00F0E6C5 /* Resources */ = {
			isa = PBXResourcesBuildPhase;
			buildActionMask = 2147483647;
			files = (
				FA2A6DE72B567F790059FE1F /* oiseau.gif in Resources */,
				FA2A6DF72B5685080059FE1F /* SwiftGif-master in Resources */,
				FAF10AC62B56CCE000BCF153 /* HorrorSound.mp3 in Resources */,
				FA2A6DDF2B567BF20059FE1F /* video copie.mp4 in Resources */,
				FAF10ACA2B56D13500BCF153 /* horrorbird.gif in Resources */,
			);
			runOnlyForDeploymentPostprocessing = 0;
		};
/* End PBXResourcesBuildPhase section */

/* Begin PBXSourcesBuildPhase section */
		2677B1DC2B4D5E9B00F0E6C5 /* Sources */ = {
			isa = PBXSourcesBuildPhase;
			buildActionMask = 2147483647;
			files = (
				26D630592B514A1600FC1A78 /* OpenAiService.swift in Sources */,
				FA9F96AB2B553FFA0046BB8F /* WaitingScreen.swift in Sources */,
				FA9F96A72B553FB90046BB8F /* HomePage.swift in Sources */,
				FA9F96AD2B55400C0046BB8F /* StoryScreen.swift in Sources */,
				26D6305B2B51520400FC1A78 /* Constants .swift in Sources */,
				64C2295D2B5FFE9100F9459B /* OpenAIManager.swift in Sources */,
				64E373A02B61777C00965163 /* PageUser.swift in Sources */,
				2677B1E42B4D5E9B00F0E6C5 /* Projet_MobileApp.swift in Sources */,
				FA9F96A92B553FD80046BB8F /* CategorieView.swift in Sources */,
			);
			runOnlyForDeploymentPostprocessing = 0;
		};
		2677B1EC2B4D5E9C00F0E6C5 /* Sources */ = {
			isa = PBXSourcesBuildPhase;
			buildActionMask = 2147483647;
			files = (
				2677B1F52B4D5E9C00F0E6C5 /* Projet_MobileTests.swift in Sources */,
			);
			runOnlyForDeploymentPostprocessing = 0;
		};
		2677B1F62B4D5E9C00F0E6C5 /* Sources */ = {
			isa = PBXSourcesBuildPhase;
			buildActionMask = 2147483647;
			files = (
				2677B2012B4D5E9C00F0E6C5 /* Projet_MobileUITestsLaunchTests.swift in Sources */,
				2677B1FF2B4D5E9C00F0E6C5 /* Projet_MobileUITests.swift in Sources */,
			);
			runOnlyForDeploymentPostprocessing = 0;
		};
/* End PBXSourcesBuildPhase section */

/* Begin PBXTargetDependency section */
		2677B1F22B4D5E9C00F0E6C5 /* PBXTargetDependency */ = {
			isa = PBXTargetDependency;
			target = 2677B1DF2B4D5E9B00F0E6C5 /* Projet Mobile */;
			targetProxy = 2677B1F12B4D5E9C00F0E6C5 /* PBXContainerItemProxy */;
		};
		2677B1FC2B4D5E9C00F0E6C5 /* PBXTargetDependency */ = {
			isa = PBXTargetDependency;
			target = 2677B1DF2B4D5E9B00F0E6C5 /* Projet Mobile */;
			targetProxy = 2677B1FB2B4D5E9C00F0E6C5 /* PBXContainerItemProxy */;
		};
/* End PBXTargetDependency section */

/* Begin XCBuildConfiguration section */
		2677B2022B4D5E9C00F0E6C5 /* Debug */ = {
			isa = XCBuildConfiguration;
			buildSettings = {
				ALWAYS_SEARCH_USER_PATHS = NO;
				ASSETCATALOG_COMPILER_GENERATE_SWIFT_ASSET_SYMBOL_EXTENSIONS = YES;
				CLANG_ANALYZER_NONNULL = YES;
				CLANG_ANALYZER_NUMBER_OBJECT_CONVERSION = YES_AGGRESSIVE;
				CLANG_CXX_LANGUAGE_STANDARD = "gnu++20";
				CLANG_ENABLE_MODULES = YES;
				CLANG_ENABLE_OBJC_ARC = YES;
				CLANG_ENABLE_OBJC_WEAK = YES;
				CLANG_WARN_BLOCK_CAPTURE_AUTORELEASING = YES;
				CLANG_WARN_BOOL_CONVERSION = YES;
				CLANG_WARN_COMMA = YES;
				CLANG_WARN_CONSTANT_CONVERSION = YES;
				CLANG_WARN_DEPRECATED_OBJC_IMPLEMENTATIONS = YES;
				CLANG_WARN_DIRECT_OBJC_ISA_USAGE = YES_ERROR;
				CLANG_WARN_DOCUMENTATION_COMMENTS = YES;
				CLANG_WARN_EMPTY_BODY = YES;
				CLANG_WARN_ENUM_CONVERSION = YES;
				CLANG_WARN_INFINITE_RECURSION = YES;
				CLANG_WARN_INT_CONVERSION = YES;
				CLANG_WARN_NON_LITERAL_NULL_CONVERSION = YES;
				CLANG_WARN_OBJC_IMPLICIT_RETAIN_SELF = YES;
				CLANG_WARN_OBJC_LITERAL_CONVERSION = YES;
				CLANG_WARN_OBJC_ROOT_CLASS = YES_ERROR;
				CLANG_WARN_QUOTED_INCLUDE_IN_FRAMEWORK_HEADER = YES;
				CLANG_WARN_RANGE_LOOP_ANALYSIS = YES;
				CLANG_WARN_STRICT_PROTOTYPES = YES;
				CLANG_WARN_SUSPICIOUS_MOVE = YES;
				CLANG_WARN_UNGUARDED_AVAILABILITY = YES_AGGRESSIVE;
				CLANG_WARN_UNREACHABLE_CODE = YES;
				CLANG_WARN__DUPLICATE_METHOD_MATCH = YES;
				COPY_PHASE_STRIP = NO;
				DEBUG_INFORMATION_FORMAT = dwarf;
				ENABLE_STRICT_OBJC_MSGSEND = YES;
				ENABLE_TESTABILITY = YES;
				ENABLE_USER_SCRIPT_SANDBOXING = YES;
				GCC_C_LANGUAGE_STANDARD = gnu17;
				GCC_DYNAMIC_NO_PIC = NO;
				GCC_NO_COMMON_BLOCKS = YES;
				GCC_OPTIMIZATION_LEVEL = 0;
				GCC_PREPROCESSOR_DEFINITIONS = (
					"DEBUG=1",
					"$(inherited)",
				);
				GCC_WARN_64_TO_32_BIT_CONVERSION = YES;
				GCC_WARN_ABOUT_RETURN_TYPE = YES_ERROR;
				GCC_WARN_UNDECLARED_SELECTOR = YES;
				GCC_WARN_UNINITIALIZED_AUTOS = YES_AGGRESSIVE;
				GCC_WARN_UNUSED_FUNCTION = YES;
				GCC_WARN_UNUSED_VARIABLE = YES;
				IPHONEOS_DEPLOYMENT_TARGET = 17.2;
				LOCALIZATION_PREFERS_STRING_CATALOGS = YES;
				MTL_ENABLE_DEBUG_INFO = INCLUDE_SOURCE;
				MTL_FAST_MATH = YES;
				ONLY_ACTIVE_ARCH = YES;
				SDKROOT = iphoneos;
				SWIFT_ACTIVE_COMPILATION_CONDITIONS = "DEBUG $(inherited)";
				SWIFT_OPTIMIZATION_LEVEL = "-Onone";
			};
			name = Debug;
		};
		2677B2032B4D5E9C00F0E6C5 /* Release */ = {
			isa = XCBuildConfiguration;
			buildSettings = {
				ALWAYS_SEARCH_USER_PATHS = NO;
				ASSETCATALOG_COMPILER_GENERATE_SWIFT_ASSET_SYMBOL_EXTENSIONS = YES;
				CLANG_ANALYZER_NONNULL = YES;
				CLANG_ANALYZER_NUMBER_OBJECT_CONVERSION = YES_AGGRESSIVE;
				CLANG_CXX_LANGUAGE_STANDARD = "gnu++20";
				CLANG_ENABLE_MODULES = YES;
				CLANG_ENABLE_OBJC_ARC = YES;
				CLANG_ENABLE_OBJC_WEAK = YES;
				CLANG_WARN_BLOCK_CAPTURE_AUTORELEASING = YES;
				CLANG_WARN_BOOL_CONVERSION = YES;
				CLANG_WARN_COMMA = YES;
				CLANG_WARN_CONSTANT_CONVERSION = YES;
				CLANG_WARN_DEPRECATED_OBJC_IMPLEMENTATIONS = YES;
				CLANG_WARN_DIRECT_OBJC_ISA_USAGE = YES_ERROR;
				CLANG_WARN_DOCUMENTATION_COMMENTS = YES;
				CLANG_WARN_EMPTY_BODY = YES;
				CLANG_WARN_ENUM_CONVERSION = YES;
				CLANG_WARN_INFINITE_RECURSION = YES;
				CLANG_WARN_INT_CONVERSION = YES;
				CLANG_WARN_NON_LITERAL_NULL_CONVERSION = YES;
				CLANG_WARN_OBJC_IMPLICIT_RETAIN_SELF = YES;
				CLANG_WARN_OBJC_LITERAL_CONVERSION = YES;
				CLANG_WARN_OBJC_ROOT_CLASS = YES_ERROR;
				CLANG_WARN_QUOTED_INCLUDE_IN_FRAMEWORK_HEADER = YES;
				CLANG_WARN_RANGE_LOOP_ANALYSIS = YES;
				CLANG_WARN_STRICT_PROTOTYPES = YES;
				CLANG_WARN_SUSPICIOUS_MOVE = YES;
				CLANG_WARN_UNGUARDED_AVAILABILITY = YES_AGGRESSIVE;
				CLANG_WARN_UNREACHABLE_CODE = YES;
				CLANG_WARN__DUPLICATE_METHOD_MATCH = YES;
				COPY_PHASE_STRIP = NO;
				DEBUG_INFORMATION_FORMAT = "dwarf-with-dsym";
				ENABLE_NS_ASSERTIONS = NO;
				ENABLE_STRICT_OBJC_MSGSEND = YES;
				ENABLE_USER_SCRIPT_SANDBOXING = YES;
				GCC_C_LANGUAGE_STANDARD = gnu17;
				GCC_NO_COMMON_BLOCKS = YES;
				GCC_WARN_64_TO_32_BIT_CONVERSION = YES;
				GCC_WARN_ABOUT_RETURN_TYPE = YES_ERROR;
				GCC_WARN_UNDECLARED_SELECTOR = YES;
				GCC_WARN_UNINITIALIZED_AUTOS = YES_AGGRESSIVE;
				GCC_WARN_UNUSED_FUNCTION = YES;
				GCC_WARN_UNUSED_VARIABLE = YES;
				IPHONEOS_DEPLOYMENT_TARGET = 17.2;
				LOCALIZATION_PREFERS_STRING_CATALOGS = YES;
				MTL_ENABLE_DEBUG_INFO = NO;
				MTL_FAST_MATH = YES;
				SDKROOT = iphoneos;
				SWIFT_COMPILATION_MODE = wholemodule;
				VALIDATE_PRODUCT = YES;
			};
			name = Release;
		};
		2677B2052B4D5E9C00F0E6C5 /* Debug */ = {
			isa = XCBuildConfiguration;
			buildSettings = {
				ASSETCATALOG_COMPILER_APPICON_NAME = AppIcon;
				ASSETCATALOG_COMPILER_GLOBAL_ACCENT_COLOR_NAME = AccentColor;
				CODE_SIGN_STYLE = Automatic;
				CURRENT_PROJECT_VERSION = 1;
				DEVELOPMENT_ASSET_PATHS = "\"Projet Mobile/Preview Content\"";
				ENABLE_PREVIEWS = YES;
				GENERATE_INFOPLIST_FILE = YES;
				INFOPLIST_FILE = "Projet-Mobile-Info.plist";
				INFOPLIST_KEY_UIApplicationSceneManifest_Generation = YES;
				INFOPLIST_KEY_UIApplicationSupportsIndirectInputEvents = YES;
				INFOPLIST_KEY_UILaunchScreen_Generation = YES;
				INFOPLIST_KEY_UISupportedInterfaceOrientations_iPad = "UIInterfaceOrientationPortrait UIInterfaceOrientationPortraitUpsideDown UIInterfaceOrientationLandscapeLeft UIInterfaceOrientationLandscapeRight";
				INFOPLIST_KEY_UISupportedInterfaceOrientations_iPhone = "UIInterfaceOrientationPortrait UIInterfaceOrientationLandscapeLeft UIInterfaceOrientationLandscapeRight";
				LD_RUNPATH_SEARCH_PATHS = (
					"$(inherited)",
					"@executable_path/Frameworks",
				);
				MARKETING_VERSION = 1.0;
				PRODUCT_BUNDLE_IDENTIFIER = "test.Projet-Mobile";
				PRODUCT_NAME = "$(TARGET_NAME)";
				SWIFT_EMIT_LOC_STRINGS = YES;
				SWIFT_VERSION = 5.0;
				TARGETED_DEVICE_FAMILY = "1,2";
			};
			name = Debug;
		};
		2677B2062B4D5E9C00F0E6C5 /* Release */ = {
			isa = XCBuildConfiguration;
			buildSettings = {
				ASSETCATALOG_COMPILER_APPICON_NAME = AppIcon;
				ASSETCATALOG_COMPILER_GLOBAL_ACCENT_COLOR_NAME = AccentColor;
				CODE_SIGN_STYLE = Automatic;
				CURRENT_PROJECT_VERSION = 1;
				DEVELOPMENT_ASSET_PATHS = "\"Projet Mobile/Preview Content\"";
				ENABLE_PREVIEWS = YES;
				GENERATE_INFOPLIST_FILE = YES;
				INFOPLIST_FILE = "Projet-Mobile-Info.plist";
				INFOPLIST_KEY_UIApplicationSceneManifest_Generation = YES;
				INFOPLIST_KEY_UIApplicationSupportsIndirectInputEvents = YES;
				INFOPLIST_KEY_UILaunchScreen_Generation = YES;
				INFOPLIST_KEY_UISupportedInterfaceOrientations_iPad = "UIInterfaceOrientationPortrait UIInterfaceOrientationPortraitUpsideDown UIInterfaceOrientationLandscapeLeft UIInterfaceOrientationLandscapeRight";
				INFOPLIST_KEY_UISupportedInterfaceOrientations_iPhone = "UIInterfaceOrientationPortrait UIInterfaceOrientationLandscapeLeft UIInterfaceOrientationLandscapeRight";
				LD_RUNPATH_SEARCH_PATHS = (
					"$(inherited)",
					"@executable_path/Frameworks",
				);
				MARKETING_VERSION = 1.0;
				PRODUCT_BUNDLE_IDENTIFIER = "test.Projet-Mobile";
				PRODUCT_NAME = "$(TARGET_NAME)";
				SWIFT_EMIT_LOC_STRINGS = YES;
				SWIFT_VERSION = 5.0;
				TARGETED_DEVICE_FAMILY = "1,2";
			};
			name = Release;
		};
		2677B2082B4D5E9C00F0E6C5 /* Debug */ = {
			isa = XCBuildConfiguration;
			buildSettings = {
				ALWAYS_EMBED_SWIFT_STANDARD_LIBRARIES = YES;
				BUNDLE_LOADER = "$(TEST_HOST)";
				CODE_SIGN_STYLE = Automatic;
				CURRENT_PROJECT_VERSION = 1;
				GENERATE_INFOPLIST_FILE = YES;
				IPHONEOS_DEPLOYMENT_TARGET = 17.2;
				MARKETING_VERSION = 1.0;
				PRODUCT_BUNDLE_IDENTIFIER = "test.Projet-MobileTests";
				PRODUCT_NAME = "$(TARGET_NAME)";
				SWIFT_EMIT_LOC_STRINGS = NO;
				SWIFT_VERSION = 5.0;
				TARGETED_DEVICE_FAMILY = "1,2";
				TEST_HOST = "$(BUILT_PRODUCTS_DIR)/Projet Mobile.app/$(BUNDLE_EXECUTABLE_FOLDER_PATH)/Projet Mobile";
			};
			name = Debug;
		};
		2677B2092B4D5E9C00F0E6C5 /* Release */ = {
			isa = XCBuildConfiguration;
			buildSettings = {
				ALWAYS_EMBED_SWIFT_STANDARD_LIBRARIES = YES;
				BUNDLE_LOADER = "$(TEST_HOST)";
				CODE_SIGN_STYLE = Automatic;
				CURRENT_PROJECT_VERSION = 1;
				GENERATE_INFOPLIST_FILE = YES;
				IPHONEOS_DEPLOYMENT_TARGET = 17.2;
				MARKETING_VERSION = 1.0;
				PRODUCT_BUNDLE_IDENTIFIER = "test.Projet-MobileTests";
				PRODUCT_NAME = "$(TARGET_NAME)";
				SWIFT_EMIT_LOC_STRINGS = NO;
				SWIFT_VERSION = 5.0;
				TARGETED_DEVICE_FAMILY = "1,2";
				TEST_HOST = "$(BUILT_PRODUCTS_DIR)/Projet Mobile.app/$(BUNDLE_EXECUTABLE_FOLDER_PATH)/Projet Mobile";
			};
			name = Release;
		};
		2677B20B2B4D5E9C00F0E6C5 /* Debug */ = {
			isa = XCBuildConfiguration;
			buildSettings = {
				ALWAYS_EMBED_SWIFT_STANDARD_LIBRARIES = YES;
				CODE_SIGN_STYLE = Automatic;
				CURRENT_PROJECT_VERSION = 1;
				GENERATE_INFOPLIST_FILE = YES;
				MARKETING_VERSION = 1.0;
				PRODUCT_BUNDLE_IDENTIFIER = "test.Projet-MobileUITests";
				PRODUCT_NAME = "$(TARGET_NAME)";
				SWIFT_EMIT_LOC_STRINGS = NO;
				SWIFT_VERSION = 5.0;
				TARGETED_DEVICE_FAMILY = "1,2";
				TEST_TARGET_NAME = "Projet Mobile";
			};
			name = Debug;
		};
		2677B20C2B4D5E9C00F0E6C5 /* Release */ = {
			isa = XCBuildConfiguration;
			buildSettings = {
				ALWAYS_EMBED_SWIFT_STANDARD_LIBRARIES = YES;
				CODE_SIGN_STYLE = Automatic;
				CURRENT_PROJECT_VERSION = 1;
				GENERATE_INFOPLIST_FILE = YES;
				MARKETING_VERSION = 1.0;
				PRODUCT_BUNDLE_IDENTIFIER = "test.Projet-MobileUITests";
				PRODUCT_NAME = "$(TARGET_NAME)";
				SWIFT_EMIT_LOC_STRINGS = NO;
				SWIFT_VERSION = 5.0;
				TARGETED_DEVICE_FAMILY = "1,2";
				TEST_TARGET_NAME = "Projet Mobile";
			};
			name = Release;
		};
/* End XCBuildConfiguration section */

/* Begin XCConfigurationList section */
		2677B1DB2B4D5E9B00F0E6C5 /* Build configuration list for PBXProject "Projet Mobile" */ = {
			isa = XCConfigurationList;
			buildConfigurations = (
				2677B2022B4D5E9C00F0E6C5 /* Debug */,
				2677B2032B4D5E9C00F0E6C5 /* Release */,
			);
			defaultConfigurationIsVisible = 0;
			defaultConfigurationName = Release;
		};
		2677B2042B4D5E9C00F0E6C5 /* Build configuration list for PBXNativeTarget "Projet Mobile" */ = {
			isa = XCConfigurationList;
			buildConfigurations = (
				2677B2052B4D5E9C00F0E6C5 /* Debug */,
				2677B2062B4D5E9C00F0E6C5 /* Release */,
			);
			defaultConfigurationIsVisible = 0;
			defaultConfigurationName = Release;
		};
		2677B2072B4D5E9C00F0E6C5 /* Build configuration list for PBXNativeTarget "Projet MobileTests" */ = {
			isa = XCConfigurationList;
			buildConfigurations = (
				2677B2082B4D5E9C00F0E6C5 /* Debug */,
				2677B2092B4D5E9C00F0E6C5 /* Release */,
			);
			defaultConfigurationIsVisible = 0;
			defaultConfigurationName = Release;
		};
		2677B20A2B4D5E9C00F0E6C5 /* Build configuration list for PBXNativeTarget "Projet MobileUITests" */ = {
			isa = XCConfigurationList;
			buildConfigurations = (
				2677B20B2B4D5E9C00F0E6C5 /* Debug */,
				2677B20C2B4D5E9C00F0E6C5 /* Release */,
			);
			defaultConfigurationIsVisible = 0;
			defaultConfigurationName = Release;
		};
/* End XCConfigurationList section */

/* Begin XCRemoteSwiftPackageReference section */
		26D630532B4FF64000FC1A78 /* XCRemoteSwiftPackageReference "Alamofire" */ = {
			isa = XCRemoteSwiftPackageReference;
			repositoryURL = "git@github.com:Alamofire/Alamofire.git";
			requirement = {
				kind = upToNextMajorVersion;
				minimumVersion = 5.8.1;
			};
		};
/* End XCRemoteSwiftPackageReference section */

/* Begin XCSwiftPackageProductDependency section */
		26D630542B4FF64000FC1A78 /* Alamofire */ = {
			isa = XCSwiftPackageProductDependency;
			package = 26D630532B4FF64000FC1A78 /* XCRemoteSwiftPackageReference "Alamofire" */;
			productName = Alamofire;
		};
/* End XCSwiftPackageProductDependency section */
	};
	rootObject = 2677B1D82B4D5E9B00F0E6C5 /* Project object */;
}
